{
  "object": {
    "pins": [
      {
        "package": "QQApi",
        "repositoryURL": "https://github.com/ze230123/QQApi.git",
        "state": {
          "branch": null,
          "revision": "f8d0d573aebca3c85d1e2f53cfdd6fb7ac9b1586",
          "version": "1.0.0"
        }
      },
      {
        "package": "WXApi",
        "repositoryURL": "https://github.com/ze230123/WXApi.git",
        "state": {
          "branch": null,
          "revision": "d7d5fcbcf9d6555b9ddf8302c5809783f2ec5ac3",
          "version": "1.0.4"
        }
      }
    ]
  },
  "version": 1
}
