{
  "object": {
    "pins": [
      {
        "package": "QQApi",
        "repositoryURL": "https://github.com/ze230123/QQApi.git",
        "state": {
          "branch": null,
          "revision": "f8d0d573aebca3c85d1e2f53cfdd6fb7ac9b1586",
          "version": "1.0.0"
        }
      },
      {
        "package": "WXApi",
        "repositoryURL": "https://github.com/ze230123/WXApi.git",
        "state": {
          "branch": null,
          "revision": "b0b1dc642b83745a92add17caef66f3c1c4ebf94",
          "version": "1.0.5"
        }
      }
    ]
  },
  "version": 1
}
