{
  "object": {
    "pins": [
      {
        "package": "QQApi",
        "repositoryURL": "https://github.com/ze230123/QQApi.git",
        "state": {
          "branch": null,
          "revision": "2716bc9ddf890a37c73ed7c9ff81f45f7a9ca800",
          "version": "1.1.1"
        }
      },
      {
        "package": "RxSwift",
        "repositoryURL": "https://github.com/ReactiveX/RxSwift.git",
        "state": {
          "branch": null,
          "revision": "b4307ba0b6425c0ba4178e138799946c3da594f8",
          "version": "6.5.0"
        }
      },
      {
        "package": "WXApi",
        "repositoryURL": "https://github.com/ze230123/WXApi.git",
        "state": {
          "branch": null,
          "revision": "4f27a39a6183bef3f07670a2c9e3b91b205e0eb8",
          "version": "1.1.3"
        }
      }
    ]
  },
  "version": 1
}
